
Microsoft Visual Studio Solution File, Format Version 12.00
# Visual Studio Version 17
VisualStudioVersion = 17.8.34004.107
MinimumVisualStudioVersion = 10.0.40219.1
Project("{FAE04EC0-301F-11D3-BF4B-00C04F79EFBC}") = "deepDiveWithHeapAndStack", "deepDiveWithHeapAndStack\deepDiveWithHeapAndStack.csproj", "{32FF3D91-7C5E-481F-BDA1-202D2F3D75A8}"
EndProject
Global
	GlobalSection(SolutionConfigurationPlatforms) = preSolution
		Debug|Any CPU = Debug|Any CPU
		Release|Any CPU = Release|Any CPU
	EndGlobalSection
	GlobalSection(ProjectConfigurationPlatforms) = postSolution
		{32FF3D91-7C5E-481F-BDA1-202D2F3D75A8}.Debug|Any CPU.ActiveCfg = Debug|Any CPU
		{32FF3D91-7C5E-481F-BDA1-202D2F3D75A8}.Debug|Any CPU.Build.0 = Debug|Any CPU
		{32FF3D91-7C5E-481F-BDA1-202D2F3D75A8}.Release|Any CPU.ActiveCfg = Release|Any CPU
		{32FF3D91-7C5E-481F-BDA1-202D2F3D75A8}.Release|Any CPU.Build.0 = Release|Any CPU
	EndGlobalSection
	GlobalSection(SolutionProperties) = preSolution
		HideSolutionNode = FALSE
	EndGlobalSection
	GlobalSection(ExtensibilityGlobals) = postSolution
		SolutionGuid = {D1670D2B-D606-4AA1-A4E9-DA2FCCDBD320}
	EndGlobalSection
EndGlobal
